
Microsoft Visual Studio Solution File, Format Version 12.00
# Visual Studio 15
VisualStudioVersion = 15.0.26730.15
MinimumVisualStudioVersion = 10.0.40219.1
Project("{8BC9CEB8-8B4A-11D0-8D11-00A0C91BC942}") = "cppcalcpp", "cppcalcpp\cppcalcpp.vcxproj", "{B4AFE23E-20F3-45E1-BA20-C69148F7A635}"
EndProject
Global
	GlobalSection(SolutionConfigurationPlatforms) = preSolution
		Debug|x64 = Debug|x64
		Debug|x86 = Debug|x86
		Release|x64 = Release|x64
		Release|x86 = Release|x86
	EndGlobalSection
	GlobalSection(ProjectConfigurationPlatforms) = postSolution
		{B4AFE23E-20F3-45E1-BA20-C69148F7A635}.Debug|x64.ActiveCfg = Debug|x64
		{B4AFE23E-20F3-45E1-BA20-C69148F7A635}.Debug|x64.Build.0 = Debug|x64
		{B4AFE23E-20F3-45E1-BA20-C69148F7A635}.Debug|x86.ActiveCfg = Debug|Win32
		{B4AFE23E-20F3-45E1-BA20-C69148F7A635}.Debug|x86.Build.0 = Debug|Win32
		{B4AFE23E-20F3-45E1-BA20-C69148F7A635}.Release|x64.ActiveCfg = Release|x64
		{B4AFE23E-20F3-45E1-BA20-C69148F7A635}.Release|x64.Build.0 = Release|x64
		{B4AFE23E-20F3-45E1-BA20-C69148F7A635}.Release|x86.ActiveCfg = Release|Win32
		{B4AFE23E-20F3-45E1-BA20-C69148F7A635}.Release|x86.Build.0 = Release|Win32
	EndGlobalSection
	GlobalSection(SolutionProperties) = preSolution
		HideSolutionNode = FALSE
	EndGlobalSection
	GlobalSection(ExtensibilityGlobals) = postSolution
		SolutionGuid = {AB9A72C0-C92C-453D-82D7-60F4E6071D70}
	EndGlobalSection
EndGlobal
